// !$*UTF8*$!
{
	archiveVersion = 1;
	classes = {
	};
	objectVersion = 46;
	objects = {

/* Begin PBXBuildFile section */
		2B3A72951F452E5100EAFAC1 /* GrowingTextView.m in Sources */ = {isa = PBXBuildFile; fileRef = 2B3A72941F452E5100EAFAC1 /* GrowingTextView.m */; };
		2B3A72981F452F2D00EAFAC1 /* BarrageInputView.m in Sources */ = {isa = PBXBuildFile; fileRef = 2B3A72971F452F2D00EAFAC1 /* BarrageInputView.m */; };
		2B4A5C931DF1076900394B7B /* WeakProxy.m in Sources */ = {isa = PBXBuildFile; fileRef = 2B4A5C921DF1076900394B7B /* WeakProxy.m */; };
		2B5567E71DEEAFAF0069077B /* BarrageData.m in Sources */ = {isa = PBXBuildFile; fileRef = 2B5567E61DEEAFAF0069077B /* BarrageData.m */; };
		2B5567EA1DEEB0030069077B /* BarrageLabelCell.m in Sources */ = {isa = PBXBuildFile; fileRef = 2B5567E91DEEB0030069077B /* BarrageLabelCell.m */; };
		2B60B46C1DED5A08002141FC /* main.m in Sources */ = {isa = PBXBuildFile; fileRef = 2B60B46B1DED5A08002141FC /* main.m */; };
		2B60B46F1DED5A08002141FC /* AppDelegate.m in Sources */ = {isa = PBXBuildFile; fileRef = 2B60B46E1DED5A08002141FC /* AppDelegate.m */; };
		2B60B4721DED5A08002141FC /* ViewController.m in Sources */ = {isa = PBXBuildFile; fileRef = 2B60B4711DED5A08002141FC /* ViewController.m */; };
		2B60B4751DED5A08002141FC /* Main.storyboard in Resources */ = {isa = PBXBuildFile; fileRef = 2B60B4731DED5A08002141FC /* Main.storyboard */; };
		2B60B4771DED5A08002141FC /* Assets.xcassets in Resources */ = {isa = PBXBuildFile; fileRef = 2B60B4761DED5A08002141FC /* Assets.xcassets */; };
		2B60B47A1DED5A08002141FC /* LaunchScreen.storyboard in Resources */ = {isa = PBXBuildFile; fileRef = 2B60B4781DED5A08002141FC /* LaunchScreen.storyboard */; };
		2B60B4851DED5A08002141FC /* TYBarrageManagerDemoTests.m in Sources */ = {isa = PBXBuildFile; fileRef = 2B60B4841DED5A08002141FC /* TYBarrageManagerDemoTests.m */; };
		2B60B49E1DED5B08002141FC /* BarrageView.m in Sources */ = {isa = PBXBuildFile; fileRef = 2B60B49D1DED5B08002141FC /* BarrageView.m */; };
		2B60B4A11DED5B2F002141FC /* BarrageViewCell.m in Sources */ = {isa = PBXBuildFile; fileRef = 2B60B4A01DED5B2F002141FC /* BarrageViewCell.m */; };
		2B60B4A71DED6EF5002141FC /* BarrageRenderView.m in Sources */ = {isa = PBXBuildFile; fileRef = 2B60B4A61DED6EF5002141FC /* BarrageRenderView.m */; };
/* End PBXBuildFile section */

/* Begin PBXContainerItemProxy section */
		2B60B4811DED5A08002141FC /* PBXContainerItemProxy */ = {
			isa = PBXContainerItemProxy;
			containerPortal = 2B60B45F1DED5A08002141FC /* Project object */;
			proxyType = 1;
			remoteGlobalIDString = 2B60B4661DED5A08002141FC;
			remoteInfo = TYBarrageManagerDemo;
		};
/* End PBXContainerItemProxy section */

/* Begin PBXFileReference section */
		2B3A72931F452E5100EAFAC1 /* GrowingTextView.h */ = {isa = PBXFileReference; fileEncoding = 4; lastKnownFileType = sourcecode.c.h; path = GrowingTextView.h; sourceTree = "<group>"; };
		2B3A72941F452E5100EAFAC1 /* GrowingTextView.m */ = {isa = PBXFileReference; fileEncoding = 4; lastKnownFileType = sourcecode.c.objc; path = GrowingTextView.m; sourceTree = "<group>"; };
		2B3A72961F452F2D00EAFAC1 /* BarrageInputView.h */ = {isa = PBXFileReference; fileEncoding = 4; lastKnownFileType = sourcecode.c.h; path = BarrageInputView.h; sourceTree = "<group>"; };
		2B3A72971F452F2D00EAFAC1 /* BarrageInputView.m */ = {isa = PBXFileReference; fileEncoding = 4; lastKnownFileType = sourcecode.c.objc; path = BarrageInputView.m; sourceTree = "<group>"; };
		2B4A5C911DF1076900394B7B /* WeakProxy.h */ = {isa = PBXFileReference; fileEncoding = 4; lastKnownFileType = sourcecode.c.h; path = WeakProxy.h; sourceTree = "<group>"; };
		2B4A5C921DF1076900394B7B /* WeakProxy.m */ = {isa = PBXFileReference; fileEncoding = 4; lastKnownFileType = sourcecode.c.objc; path = WeakProxy.m; sourceTree = "<group>"; };
		2B5567E51DEEAFAF0069077B /* BarrageData.h */ = {isa = PBXFileReference; fileEncoding = 4; lastKnownFileType = sourcecode.c.h; path = BarrageData.h; sourceTree = "<group>"; };
		2B5567E61DEEAFAF0069077B /* BarrageData.m */ = {isa = PBXFileReference; fileEncoding = 4; lastKnownFileType = sourcecode.c.objc; path = BarrageData.m; sourceTree = "<group>"; };
		2B5567E81DEEB0030069077B /* BarrageLabelCell.h */ = {isa = PBXFileReference; fileEncoding = 4; lastKnownFileType = sourcecode.c.h; path = BarrageLabelCell.h; sourceTree = "<group>"; };
		2B5567E91DEEB0030069077B /* BarrageLabelCell.m */ = {isa = PBXFileReference; fileEncoding = 4; lastKnownFileType = sourcecode.c.objc; path = BarrageLabelCell.m; sourceTree = "<group>"; };
		2B60B4671DED5A08002141FC /* TYBarrageManagerDemo.app */ = {isa = PBXFileReference; explicitFileType = wrapper.application; includeInIndex = 0; path = TYBarrageManagerDemo.app; sourceTree = BUILT_PRODUCTS_DIR; };
		2B60B46B1DED5A08002141FC /* main.m */ = {isa = PBXFileReference; lastKnownFileType = sourcecode.c.objc; path = main.m; sourceTree = "<group>"; };
		2B60B46D1DED5A08002141FC /* AppDelegate.h */ = {isa = PBXFileReference; lastKnownFileType = sourcecode.c.h; path = AppDelegate.h; sourceTree = "<group>"; };
		2B60B46E1DED5A08002141FC /* AppDelegate.m */ = {isa = PBXFileReference; lastKnownFileType = sourcecode.c.objc; path = AppDelegate.m; sourceTree = "<group>"; };
		2B60B4701DED5A08002141FC /* ViewController.h */ = {isa = PBXFileReference; lastKnownFileType = sourcecode.c.h; path = ViewController.h; sourceTree = "<group>"; };
		2B60B4711DED5A08002141FC /* ViewController.m */ = {isa = PBXFileReference; lastKnownFileType = sourcecode.c.objc; path = ViewController.m; sourceTree = "<group>"; };
		2B60B4741DED5A08002141FC /* Base */ = {isa = PBXFileReference; lastKnownFileType = file.storyboard; name = Base; path = Base.lproj/Main.storyboard; sourceTree = "<group>"; };
		2B60B4761DED5A08002141FC /* Assets.xcassets */ = {isa = PBXFileReference; lastKnownFileType = folder.assetcatalog; path = Assets.xcassets; sourceTree = "<group>"; };
		2B60B4791DED5A08002141FC /* Base */ = {isa = PBXFileReference; lastKnownFileType = file.storyboard; name = Base; path = Base.lproj/LaunchScreen.storyboard; sourceTree = "<group>"; };
		2B60B47B1DED5A08002141FC /* Info.plist */ = {isa = PBXFileReference; lastKnownFileType = text.plist.xml; path = Info.plist; sourceTree = "<group>"; };
		2B60B4801DED5A08002141FC /* TYBarrageManagerDemoTests.xctest */ = {isa = PBXFileReference; explicitFileType = wrapper.cfbundle; includeInIndex = 0; path = TYBarrageManagerDemoTests.xctest; sourceTree = BUILT_PRODUCTS_DIR; };
		2B60B4841DED5A08002141FC /* TYBarrageManagerDemoTests.m */ = {isa = PBXFileReference; lastKnownFileType = sourcecode.c.objc; path = TYBarrageManagerDemoTests.m; sourceTree = "<group>"; };
		2B60B4861DED5A08002141FC /* Info.plist */ = {isa = PBXFileReference; lastKnownFileType = text.plist.xml; path = Info.plist; sourceTree = "<group>"; };
		2B60B49C1DED5B08002141FC /* BarrageView.h */ = {isa = PBXFileReference; fileEncoding = 4; lastKnownFileType = sourcecode.c.h; path = BarrageView.h; sourceTree = "<group>"; };
		2B60B49D1DED5B08002141FC /* BarrageView.m */ = {isa = PBXFileReference; fileEncoding = 4; lastKnownFileType = sourcecode.c.objc; path = BarrageView.m; sourceTree = "<group>"; };
		2B60B49F1DED5B2F002141FC /* BarrageViewCell.h */ = {isa = PBXFileReference; fileEncoding = 4; lastKnownFileType = sourcecode.c.h; path = BarrageViewCell.h; sourceTree = "<group>"; };
		2B60B4A01DED5B2F002141FC /* BarrageViewCell.m */ = {isa = PBXFileReference; fileEncoding = 4; lastKnownFileType = sourcecode.c.objc; path = BarrageViewCell.m; sourceTree = "<group>"; };
		2B60B4A51DED6EF5002141FC /* BarrageRenderView.h */ = {isa = PBXFileReference; fileEncoding = 4; lastKnownFileType = sourcecode.c.h; path = BarrageRenderView.h; sourceTree = "<group>"; };
		2B60B4A61DED6EF5002141FC /* BarrageRenderView.m */ = {isa = PBXFileReference; fileEncoding = 4; lastKnownFileType = sourcecode.c.objc; path = BarrageRenderView.m; sourceTree = "<group>"; };
/* End PBXFileReference section */

/* Begin PBXFrameworksBuildPhase section */
		2B60B4641DED5A08002141FC /* Frameworks */ = {
			isa = PBXFrameworksBuildPhase;
			buildActionMask = 2147483647;
			files = (
			);
			runOnlyForDeploymentPostprocessing = 0;
		};
		2B60B47D1DED5A08002141FC /* Frameworks */ = {
			isa = PBXFrameworksBuildPhase;
			buildActionMask = 2147483647;
			files = (
			);
			runOnlyForDeploymentPostprocessing = 0;
		};
/* End PBXFrameworksBuildPhase section */

/* Begin PBXGroup section */
		2B60B45E1DED5A08002141FC = {
			isa = PBXGroup;
			children = (
				2B60B4691DED5A08002141FC /* TYBarrageManagerDemo */,
				2B60B4831DED5A08002141FC /* TYBarrageManagerDemoTests */,
				2B60B4681DED5A08002141FC /* Products */,
			);
			sourceTree = "<group>";
		};
		2B60B4681DED5A08002141FC /* Products */ = {
			isa = PBXGroup;
			children = (
				2B60B4671DED5A08002141FC /* TYBarrageManagerDemo.app */,
				2B60B4801DED5A08002141FC /* TYBarrageManagerDemoTests.xctest */,
			);
			name = Products;
			sourceTree = "<group>";
		};
		2B60B4691DED5A08002141FC /* TYBarrageManagerDemo */ = {
			isa = PBXGroup;
			children = (
				2B60B48F1DED5A2A002141FC /* TYBarrageManager */,
				2B60B46D1DED5A08002141FC /* AppDelegate.h */,
				2B60B46E1DED5A08002141FC /* AppDelegate.m */,
				2B5567E51DEEAFAF0069077B /* BarrageData.h */,
				2B5567E61DEEAFAF0069077B /* BarrageData.m */,
				2B5567E81DEEB0030069077B /* BarrageLabelCell.h */,
				2B5567E91DEEB0030069077B /* BarrageLabelCell.m */,
				2B3A72961F452F2D00EAFAC1 /* BarrageInputView.h */,
				2B3A72971F452F2D00EAFAC1 /* BarrageInputView.m */,
				2B60B4701DED5A08002141FC /* ViewController.h */,
				2B60B4711DED5A08002141FC /* ViewController.m */,
				2B60B4731DED5A08002141FC /* Main.storyboard */,
				2B60B4761DED5A08002141FC /* Assets.xcassets */,
				2B60B4781DED5A08002141FC /* LaunchScreen.storyboard */,
				2B60B47B1DED5A08002141FC /* Info.plist */,
				2B60B46A1DED5A08002141FC /* Supporting Files */,
			);
			path = TYBarrageManagerDemo;
			sourceTree = "<group>";
		};
		2B60B46A1DED5A08002141FC /* Supporting Files */ = {
			isa = PBXGroup;
			children = (
				2B60B46B1DED5A08002141FC /* main.m */,
			);
			name = "Supporting Files";
			sourceTree = "<group>";
		};
		2B60B4831DED5A08002141FC /* TYBarrageManagerDemoTests */ = {
			isa = PBXGroup;
			children = (
				2B60B4841DED5A08002141FC /* TYBarrageManagerDemoTests.m */,
				2B60B4861DED5A08002141FC /* Info.plist */,
			);
			path = TYBarrageManagerDemoTests;
			sourceTree = "<group>";
		};
		2B60B48F1DED5A2A002141FC /* TYBarrageManager */ = {
			isa = PBXGroup;
			children = (
				2B3A72931F452E5100EAFAC1 /* GrowingTextView.h */,
				2B3A72941F452E5100EAFAC1 /* GrowingTextView.m */,
				2B60B49C1DED5B08002141FC /* BarrageView.h */,
				2B60B49D1DED5B08002141FC /* BarrageView.m */,
				2B60B4A51DED6EF5002141FC /* BarrageRenderView.h */,
				2B60B4A61DED6EF5002141FC /* BarrageRenderView.m */,
				2B60B49F1DED5B2F002141FC /* BarrageViewCell.h */,
				2B60B4A01DED5B2F002141FC /* BarrageViewCell.m */,
				2B4A5C911DF1076900394B7B /* WeakProxy.h */,
				2B4A5C921DF1076900394B7B /* WeakProxy.m */,
			);
			path = TYBarrageManager;
			sourceTree = "<group>";
		};
/* End PBXGroup section */

/* Begin PBXNativeTarget section */
		2B60B4661DED5A08002141FC /* TYBarrageManagerDemo */ = {
			isa = PBXNativeTarget;
			buildConfigurationList = 2B60B4891DED5A08002141FC /* Build configuration list for PBXNativeTarget "TYBarrageManagerDemo" */;
			buildPhases = (
				2B60B4631DED5A08002141FC /* Sources */,
				2B60B4641DED5A08002141FC /* Frameworks */,
				2B60B4651DED5A08002141FC /* Resources */,
			);
			buildRules = (
			);
			dependencies = (
			);
			name = TYBarrageManagerDemo;
			productName = TYBarrageManagerDemo;
			productReference = 2B60B4671DED5A08002141FC /* TYBarrageManagerDemo.app */;
			productType = "com.apple.product-type.application";
		};
		2B60B47F1DED5A08002141FC /* TYBarrageManagerDemoTests */ = {
			isa = PBXNativeTarget;
			buildConfigurationList = 2B60B48C1DED5A08002141FC /* Build configuration list for PBXNativeTarget "TYBarrageManagerDemoTests" */;
			buildPhases = (
				2B60B47C1DED5A08002141FC /* Sources */,
				2B60B47D1DED5A08002141FC /* Frameworks */,
				2B60B47E1DED5A08002141FC /* Resources */,
			);
			buildRules = (
			);
			dependencies = (
				2B60B4821DED5A08002141FC /* PBXTargetDependency */,
			);
			name = TYBarrageManagerDemoTests;
			productName = TYBarrageManagerDemoTests;
			productReference = 2B60B4801DED5A08002141FC /* TYBarrageManagerDemoTests.xctest */;
			productType = "com.apple.product-type.bundle.unit-test";
		};
/* End PBXNativeTarget section */

/* Begin PBXProject section */
		2B60B45F1DED5A08002141FC /* Project object */ = {
			isa = PBXProject;
			attributes = {
				LastUpgradeCheck = 0830;
				ORGANIZATIONNAME = tany;
				TargetAttributes = {
					2B60B4661DED5A08002141FC = {
						CreatedOnToolsVersion = 8.1;
						DevelopmentTeam = ZW52Q3KXX4;
						ProvisioningStyle = Automatic;
					};
					2B60B47F1DED5A08002141FC = {
						CreatedOnToolsVersion = 8.1;
						DevelopmentTeam = ZW52Q3KXX4;
						ProvisioningStyle = Automatic;
						TestTargetID = 2B60B4661DED5A08002141FC;
					};
				};
			};
			buildConfigurationList = 2B60B4621DED5A08002141FC /* Build configuration list for PBXProject "TYBarrageManagerDemo" */;
			compatibilityVersion = "Xcode 3.2";
			developmentRegion = English;
			hasScannedForEncodings = 0;
			knownRegions = (
				en,
				Base,
			);
			mainGroup = 2B60B45E1DED5A08002141FC;
			productRefGroup = 2B60B4681DED5A08002141FC /* Products */;
			projectDirPath = "";
			projectRoot = "";
			targets = (
				2B60B4661DED5A08002141FC /* TYBarrageManagerDemo */,
				2B60B47F1DED5A08002141FC /* TYBarrageManagerDemoTests */,
			);
		};
/* End PBXProject section */

/* Begin PBXResourcesBuildPhase section */
		2B60B4651DED5A08002141FC /* Resources */ = {
			isa = PBXResourcesBuildPhase;
			buildActionMask = 2147483647;
			files = (
				2B60B47A1DED5A08002141FC /* LaunchScreen.storyboard in Resources */,
				2B60B4771DED5A08002141FC /* Assets.xcassets in Resources */,
				2B60B4751DED5A08002141FC /* Main.storyboard in Resources */,
			);
			runOnlyForDeploymentPostprocessing = 0;
		};
		2B60B47E1DED5A08002141FC /* Resources */ = {
			isa = PBXResourcesBuildPhase;
			buildActionMask = 2147483647;
			files = (
			);
			runOnlyForDeploymentPostprocessing = 0;
		};
/* End PBXResourcesBuildPhase section */

/* Begin PBXSourcesBuildPhase section */
		2B60B4631DED5A08002141FC /* Sources */ = {
			isa = PBXSourcesBuildPhase;
			buildActionMask = 2147483647;
			files = (
				2B60B49E1DED5B08002141FC /* BarrageView.m in Sources */,
				2B3A72981F452F2D00EAFAC1 /* BarrageInputView.m in Sources */,
				2B5567EA1DEEB0030069077B /* BarrageLabelCell.m in Sources */,
				2B60B4A71DED6EF5002141FC /* BarrageRenderView.m in Sources */,
				2B60B4721DED5A08002141FC /* ViewController.m in Sources */,
				2B60B46F1DED5A08002141FC /* AppDelegate.m in Sources */,
				2B3A72951F452E5100EAFAC1 /* GrowingTextView.m in Sources */,
				2B60B4A11DED5B2F002141FC /* BarrageViewCell.m in Sources */,
				2B4A5C931DF1076900394B7B /* WeakProxy.m in Sources */,
				2B5567E71DEEAFAF0069077B /* BarrageData.m in Sources */,
				2B60B46C1DED5A08002141FC /* main.m in Sources */,
			);
			runOnlyForDeploymentPostprocessing = 0;
		};
		2B60B47C1DED5A08002141FC /* Sources */ = {
			isa = PBXSourcesBuildPhase;
			buildActionMask = 2147483647;
			files = (
				2B60B4851DED5A08002141FC /* TYBarrageManagerDemoTests.m in Sources */,
			);
			runOnlyForDeploymentPostprocessing = 0;
		};
/* End PBXSourcesBuildPhase section */

/* Begin PBXTargetDependency section */
		2B60B4821DED5A08002141FC /* PBXTargetDependency */ = {
			isa = PBXTargetDependency;
			target = 2B60B4661DED5A08002141FC /* TYBarrageManagerDemo */;
			targetProxy = 2B60B4811DED5A08002141FC /* PBXContainerItemProxy */;
		};
/* End PBXTargetDependency section */

/* Begin PBXVariantGroup section */
		2B60B4731DED5A08002141FC /* Main.storyboard */ = {
			isa = PBXVariantGroup;
			children = (
				2B60B4741DED5A08002141FC /* Base */,
			);
			name = Main.storyboard;
			sourceTree = "<group>";
		};
		2B60B4781DED5A08002141FC /* LaunchScreen.storyboard */ = {
			isa = PBXVariantGroup;
			children = (
				2B60B4791DED5A08002141FC /* Base */,
			);
			name = LaunchScreen.storyboard;
			sourceTree = "<group>";
		};
/* End PBXVariantGroup section */

/* Begin XCBuildConfiguration section */
		2B60B4871DED5A08002141FC /* Debug */ = {
			isa = XCBuildConfiguration;
			buildSettings = {
				ALWAYS_SEARCH_USER_PATHS = NO;
				CLANG_ANALYZER_NONNULL = YES;
				CLANG_CXX_LANGUAGE_STANDARD = "gnu++0x";
				CLANG_CXX_LIBRARY = "libc++";
				CLANG_ENABLE_MODULES = YES;
				CLANG_ENABLE_OBJC_ARC = YES;
				CLANG_WARN_BOOL_CONVERSION = YES;
				CLANG_WARN_CONSTANT_CONVERSION = YES;
				CLANG_WARN_DIRECT_OBJC_ISA_USAGE = YES_ERROR;
				CLANG_WARN_DOCUMENTATION_COMMENTS = YES;
				CLANG_WARN_EMPTY_BODY = YES;
				CLANG_WARN_ENUM_CONVERSION = YES;
				CLANG_WARN_INFINITE_RECURSION = YES;
				CLANG_WARN_INT_CONVERSION = YES;
				CLANG_WARN_OBJC_ROOT_CLASS = YES_ERROR;
				CLANG_WARN_SUSPICIOUS_MOVE = YES;
				CLANG_WARN_SUSPICIOUS_MOVES = YES;
				CLANG_WARN_UNREACHABLE_CODE = YES;
				CLANG_WARN__DUPLICATE_METHOD_MATCH = YES;
				"CODE_SIGN_IDENTITY[sdk=iphoneos*]" = "iPhone Developer";
				COPY_PHASE_STRIP = NO;
				DEBUG_INFORMATION_FORMAT = dwarf;
				ENABLE_STRICT_OBJC_MSGSEND = YES;
				ENABLE_TESTABILITY = YES;
				GCC_C_LANGUAGE_STANDARD = gnu99;
				GCC_DYNAMIC_NO_PIC = NO;
				GCC_NO_COMMON_BLOCKS = YES;
				GCC_OPTIMIZATION_LEVEL = 0;
				GCC_PREPROCESSOR_DEFINITIONS = (
					"DEBUG=1",
					"$(inherited)",
				);
				GCC_WARN_64_TO_32_BIT_CONVERSION = YES;
				GCC_WARN_ABOUT_RETURN_TYPE = YES_ERROR;
				GCC_WARN_UNDECLARED_SELECTOR = YES;
				GCC_WARN_UNINITIALIZED_AUTOS = YES_AGGRESSIVE;
				GCC_WARN_UNUSED_FUNCTION = YES;
				GCC_WARN_UNUSED_VARIABLE = YES;
				IPHONEOS_DEPLOYMENT_TARGET = 10.1;
				MTL_ENABLE_DEBUG_INFO = YES;
				ONLY_ACTIVE_ARCH = YES;
				SDKROOT = iphoneos;
				TARGETED_DEVICE_FAMILY = "1,2";
			};
			name = Debug;
		};
		2B60B4881DED5A08002141FC /* Release */ = {
			isa = XCBuildConfiguration;
			buildSettings = {
				ALWAYS_SEARCH_USER_PATHS = NO;
				CLANG_ANALYZER_NONNULL = YES;
				CLANG_CXX_LANGUAGE_STANDARD = "gnu++0x";
				CLANG_CXX_LIBRARY = "libc++";
				CLANG_ENABLE_MODULES = YES;
				CLANG_ENABLE_OBJC_ARC = YES;
				CLANG_WARN_BOOL_CONVERSION = YES;
				CLANG_WARN_CONSTANT_CONVERSION = YES;
				CLANG_WARN_DIRECT_OBJC_ISA_USAGE = YES_ERROR;
				CLANG_WARN_DOCUMENTATION_COMMENTS = YES;
				CLANG_WARN_EMPTY_BODY = YES;
				CLANG_WARN_ENUM_CONVERSION = YES;
				CLANG_WARN_INFINITE_RECURSION = YES;
				CLANG_WARN_INT_CONVERSION = YES;
				CLANG_WARN_OBJC_ROOT_CLASS = YES_ERROR;
				CLANG_WARN_SUSPICIOUS_MOVE = YES;
				CLANG_WARN_SUSPICIOUS_MOVES = YES;
				CLANG_WARN_UNREACHABLE_CODE = YES;
				CLANG_WARN__DUPLICATE_METHOD_MATCH = YES;
				"CODE_SIGN_IDENTITY[sdk=iphoneos*]" = "iPhone Developer";
				COPY_PHASE_STRIP = NO;
				DEBUG_INFORMATION_FORMAT = "dwarf-with-dsym";
				ENABLE_NS_ASSERTIONS = NO;
				ENABLE_STRICT_OBJC_MSGSEND = YES;
				GCC_C_LANGUAGE_STANDARD = gnu99;
				GCC_NO_COMMON_BLOCKS = YES;
				GCC_WARN_64_TO_32_BIT_CONVERSION = YES;
				GCC_WARN_ABOUT_RETURN_TYPE = YES_ERROR;
				GCC_WARN_UNDECLARED_SELECTOR = YES;
				GCC_WARN_UNINITIALIZED_AUTOS = YES_AGGRESSIVE;
				GCC_WARN_UNUSED_FUNCTION = YES;
				GCC_WARN_UNUSED_VARIABLE = YES;
				IPHONEOS_DEPLOYMENT_TARGET = 10.1;
				MTL_ENABLE_DEBUG_INFO = NO;
				SDKROOT = iphoneos;
				TARGETED_DEVICE_FAMILY = "1,2";
				VALIDATE_PRODUCT = YES;
			};
			name = Release;
		};
		2B60B48A1DED5A08002141FC /* Debug */ = {
			isa = XCBuildConfiguration;
			buildSettings = {
				ASSETCATALOG_COMPILER_APPICON_NAME = AppIcon;
				DEVELOPMENT_TEAM = ZW52Q3KXX4;
				INFOPLIST_FILE = TYBarrageManagerDemo/Info.plist;
				LD_RUNPATH_SEARCH_PATHS = "$(inherited) @executable_path/Frameworks";
				PRODUCT_BUNDLE_IDENTIFIER = com.tany.TYBarrageManagerDemo;
				PRODUCT_NAME = "$(TARGET_NAME)";
			};
			name = Debug;
		};
		2B60B48B1DED5A08002141FC /* Release */ = {
			isa = XCBuildConfiguration;
			buildSettings = {
				ASSETCATALOG_COMPILER_APPICON_NAME = AppIcon;
				DEVELOPMENT_TEAM = ZW52Q3KXX4;
				INFOPLIST_FILE = TYBarrageManagerDemo/Info.plist;
				LD_RUNPATH_SEARCH_PATHS = "$(inherited) @executable_path/Frameworks";
				PRODUCT_BUNDLE_IDENTIFIER = com.tany.TYBarrageManagerDemo;
				PRODUCT_NAME = "$(TARGET_NAME)";
			};
			name = Release;
		};
		2B60B48D1DED5A08002141FC /* Debug */ = {
			isa = XCBuildConfiguration;
			buildSettings = {
				BUNDLE_LOADER = "$(TEST_HOST)";
				DEVELOPMENT_TEAM = ZW52Q3KXX4;
				INFOPLIST_FILE = TYBarrageManagerDemoTests/Info.plist;
				LD_RUNPATH_SEARCH_PATHS = "$(inherited) @executable_path/Frameworks @loader_path/Frameworks";
				PRODUCT_BUNDLE_IDENTIFIER = com.tany.TYBarrageManagerDemoTests;
				PRODUCT_NAME = "$(TARGET_NAME)";
				TEST_HOST = "$(BUILT_PRODUCTS_DIR)/TYBarrageManagerDemo.app/TYBarrageManagerDemo";
			};
			name = Debug;
		};
		2B60B48E1DED5A08002141FC /* Release */ = {
			isa = XCBuildConfiguration;
			buildSettings = {
				BUNDLE_LOADER = "$(TEST_HOST)";
				DEVELOPMENT_TEAM = ZW52Q3KXX4;
				INFOPLIST_FILE = TYBarrageManagerDemoTests/Info.plist;
				LD_RUNPATH_SEARCH_PATHS = "$(inherited) @executable_path/Frameworks @loader_path/Frameworks";
				PRODUCT_BUNDLE_IDENTIFIER = com.tany.TYBarrageManagerDemoTests;
				PRODUCT_NAME = "$(TARGET_NAME)";
				TEST_HOST = "$(BUILT_PRODUCTS_DIR)/TYBarrageManagerDemo.app/TYBarrageManagerDemo";
			};
			name = Release;
		};
/* End XCBuildConfiguration section */

/* Begin XCConfigurationList section */
		2B60B4621DED5A08002141FC /* Build configuration list for PBXProject "TYBarrageManagerDemo" */ = {
			isa = XCConfigurationList;
			buildConfigurations = (
				2B60B4871DED5A08002141FC /* Debug */,
				2B60B4881DED5A08002141FC /* Release */,
			);
			defaultConfigurationIsVisible = 0;
			defaultConfigurationName = Release;
		};
		2B60B4891DED5A08002141FC /* Build configuration list for PBXNativeTarget "TYBarrageManagerDemo" */ = {
			isa = XCConfigurationList;
			buildConfigurations = (
				2B60B48A1DED5A08002141FC /* Debug */,
				2B60B48B1DED5A08002141FC /* Release */,
			);
			defaultConfigurationIsVisible = 0;
			defaultConfigurationName = Release;
		};
		2B60B48C1DED5A08002141FC /* Build configuration list for PBXNativeTarget "TYBarrageManagerDemoTests" */ = {
			isa = XCConfigurationList;
			buildConfigurations = (
				2B60B48D1DED5A08002141FC /* Debug */,
				2B60B48E1DED5A08002141FC /* Release */,
			);
			defaultConfigurationIsVisible = 0;
			defaultConfigurationName = Release;
		};
/* End XCConfigurationList section */
	};
	rootObject = 2B60B45F1DED5A08002141FC /* Project object */;
}
